
Microsoft Visual Studio Solution File, Format Version 12.00
# Visual Studio Version 16
VisualStudioVersion = 16.0.31205.134
MinimumVisualStudioVersion = 10.0.40219.1
Project("{FAE04EC0-301F-11D3-BF4B-00C04F79EFBC}") = "StrawTemp", "StrawTemp\StrawTemp.csproj", "{06755F4B-24F9-43CC-9869-B28B3B450CF9}"
EndProject
Global
	GlobalSection(SolutionConfigurationPlatforms) = preSolution
		Debug|Any CPU = Debug|Any CPU
		Release|Any CPU = Release|Any CPU
	EndGlobalSection
	GlobalSection(ProjectConfigurationPlatforms) = postSolution
		{06755F4B-24F9-43CC-9869-B28B3B450CF9}.Debug|Any CPU.ActiveCfg = Debug|Any CPU
		{06755F4B-24F9-43CC-9869-B28B3B450CF9}.Debug|Any CPU.Build.0 = Debug|Any CPU
		{06755F4B-24F9-43CC-9869-B28B3B450CF9}.Release|Any CPU.ActiveCfg = Release|Any CPU
		{06755F4B-24F9-43CC-9869-B28B3B450CF9}.Release|Any CPU.Build.0 = Release|Any CPU
	EndGlobalSection
	GlobalSection(SolutionProperties) = preSolution
		HideSolutionNode = FALSE
	EndGlobalSection
	GlobalSection(ExtensibilityGlobals) = postSolution
		SolutionGuid = {E70F588D-DE10-423A-BD81-691C4E12B182}
	EndGlobalSection
EndGlobal
